
Microsoft Visual Studio Solution File, Format Version 12.00
# Visual Studio 15
VisualStudioVersion = 15.0.28010.2048
MinimumVisualStudioVersion = 10.0.40219.1
Project("{FAE04EC0-301F-11D3-BF4B-00C04F79EFBC}") = "Inventario", "Inventario\Inventario.csproj", "{19425FED-4D9C-4D49-B8C2-70E6470B35C3}"
EndProject
Project("{FAE04EC0-301F-11D3-BF4B-00C04F79EFBC}") = "Utilidades", "ClassLibrary1\Utilidades.csproj", "{96828B98-FD3B-4D43-A14E-DE6DD3FA0862}"
EndProject
Global
	GlobalSection(SolutionConfigurationPlatforms) = preSolution
		Debug|Any CPU = Debug|Any CPU
		Release|Any CPU = Release|Any CPU
	EndGlobalSection
	GlobalSection(ProjectConfigurationPlatforms) = postSolution
		{19425FED-4D9C-4D49-B8C2-70E6470B35C3}.Debug|Any CPU.ActiveCfg = Debug|Any CPU
		{19425FED-4D9C-4D49-B8C2-70E6470B35C3}.Debug|Any CPU.Build.0 = Debug|Any CPU
		{19425FED-4D9C-4D49-B8C2-70E6470B35C3}.Release|Any CPU.ActiveCfg = Release|Any CPU
		{19425FED-4D9C-4D49-B8C2-70E6470B35C3}.Release|Any CPU.Build.0 = Release|Any CPU
		{96828B98-FD3B-4D43-A14E-DE6DD3FA0862}.Debug|Any CPU.ActiveCfg = Debug|Any CPU
		{96828B98-FD3B-4D43-A14E-DE6DD3FA0862}.Debug|Any CPU.Build.0 = Debug|Any CPU
		{96828B98-FD3B-4D43-A14E-DE6DD3FA0862}.Release|Any CPU.ActiveCfg = Release|Any CPU
		{96828B98-FD3B-4D43-A14E-DE6DD3FA0862}.Release|Any CPU.Build.0 = Release|Any CPU
	EndGlobalSection
	GlobalSection(SolutionProperties) = preSolution
		HideSolutionNode = FALSE
	EndGlobalSection
	GlobalSection(ExtensibilityGlobals) = postSolution
		SolutionGuid = {A962F327-E4B7-4A9A-A8B3-FBD70A7B4AE1}
	EndGlobalSection
EndGlobal
